# THIS IS AN AUTOGENERATED FILE. DO NOT EDIT THIS FILE DIRECTLY.
# yarn lockfile v1


"accepts@^1.3.5":
  "integrity" "sha1-UxvHJlF6OytB+FACHGzBXqq1B80="
  "resolved" "https://registry.nlark.com/accepts/download/accepts-1.3.7.tgz"
  "version" "1.3.7"
  dependencies:
    "mime-types" "~2.1.24"
    "negotiator" "0.6.2"

"agent-base@6":
  "integrity" "sha1-Sf/1hXfP7j83F2/qtMIuAPhtf3c="
  "resolved" "https://registry.nlark.com/agent-base/download/agent-base-6.0.2.tgz"
  "version" "6.0.2"
  dependencies:
    "debug" "4"

"aggregate-error@^3.0.0":
  "integrity" "sha1-kmcP9Q9TWb23o+DUDQ7DDFc3aHo="
  "resolved" "https://registry.npm.taobao.org/aggregate-error/download/aggregate-error-3.1.0.tgz?cache=0&sync_timestamp=1618681544430&other_urls=https%3A%2F%2Fregistry.npm.taobao.org%2Faggregate-error%2Fdownload%2Faggregate-error-3.1.0.tgz"
  "version" "3.1.0"
  dependencies:
    "clean-stack" "^2.0.0"
    "indent-string" "^4.0.0"

"asynckit@^0.4.0":
  "integrity" "sha1-x57Zf380y48robyXkLzDZkdLS3k="
  "resolved" "https://registry.nlark.com/asynckit/download/asynckit-0.4.0.tgz"
  "version" "0.4.0"

"bignumber.js@9.0.0":
  "integrity" "sha1-gFiA+Eoym16sbny2+CdLbYK98HU="
  "resolved" "https://registry.nlark.com/bignumber.js/download/bignumber.js-9.0.0.tgz"
  "version" "9.0.0"

"buffer-equal-constant-time@1.0.1":
  "integrity" "sha1-+OcRMvf/5uAaXJaXpMbz5I1cyBk="
  "resolved" "https://registry.nlark.com/buffer-equal-constant-time/download/buffer-equal-constant-time-1.0.1.tgz"
  "version" "1.0.1"

"bytes@3.1.0":
  "integrity" "sha1-9s95M6Ng4FiPqf3oVlHNx/gF0fY="
  "resolved" "https://registry.nlark.com/bytes/download/bytes-3.1.0.tgz"
  "version" "3.1.0"

"cache-content-type@^1.0.0":
  "integrity" "sha1-A1zeKwjuISn0qDFeqPAKANuhRTw="
  "resolved" "https://registry.npm.taobao.org/cache-content-type/download/cache-content-type-1.0.1.tgz"
  "version" "1.0.1"
  dependencies:
    "mime-types" "^2.1.18"
    "ylru" "^1.2.0"

"call-bind@^1.0.0":
  "integrity" "sha1-sdTonmiBGcPJqQOtMKuy9qkZvjw="
  "resolved" "https://registry.nlark.com/call-bind/download/call-bind-1.0.2.tgz"
  "version" "1.0.2"
  dependencies:
    "function-bind" "^1.1.1"
    "get-intrinsic" "^1.0.2"

"clean-stack@^2.0.0":
  "integrity" "sha1-7oRy27Ep5yezHooQpCfe6d/kAIs="
  "resolved" "https://registry.nlark.com/clean-stack/download/clean-stack-2.2.0.tgz?cache=0&sync_timestamp=1621915070206&other_urls=https%3A%2F%2Fregistry.nlark.com%2Fclean-stack%2Fdownload%2Fclean-stack-2.2.0.tgz"
  "version" "2.2.0"

"co-body@^6.0.0":
  "integrity" "sha1-2HqO/DVk+b/jrO2O9c0Ex6h2ZUc="
  "resolved" "https://registry.nlark.com/co-body/download/co-body-6.1.0.tgz"
  "version" "6.1.0"
  dependencies:
    "inflation" "^2.0.0"
    "qs" "^6.5.2"
    "raw-body" "^2.3.3"
    "type-is" "^1.6.16"

"co@^4.6.0":
  "integrity" "sha1-bqa989hTrlTMuOR7+gvz+QMfsYQ="
  "resolved" "https://registry.nlark.com/co/download/co-4.6.0.tgz"
  "version" "4.6.0"

"combined-stream@^1.0.8":
  "integrity" "sha1-w9RaizT9cwYxoRCoolIGgrMdWn8="
  "resolved" "https://registry.nlark.com/combined-stream/download/combined-stream-1.0.8.tgz"
  "version" "1.0.8"
  dependencies:
    "delayed-stream" "~1.0.0"

"content-disposition@~0.5.2":
  "integrity" "sha1-4TDK9+cnkIfFYWwgB9BIVpiYT70="
  "resolved" "https://registry.npm.taobao.org/content-disposition/download/content-disposition-0.5.3.tgz"
  "version" "0.5.3"
  dependencies:
    "safe-buffer" "5.1.2"

"content-type@^1.0.4":
  "integrity" "sha1-4TjMdeBAxyexlm/l5fjJruJW/js="
  "resolved" "https://registry.nlark.com/content-type/download/content-type-1.0.4.tgz"
  "version" "1.0.4"

"cookies@~0.8.0":
  "integrity" "sha1-EpPOSzkXQKhAbjyYcOgoxLVPP5A="
  "resolved" "https://registry.nlark.com/cookies/download/cookies-0.8.0.tgz"
  "version" "0.8.0"
  dependencies:
    "depd" "~2.0.0"
    "keygrip" "~1.1.0"

"copy-to@^2.0.1":
  "integrity" "sha1-JoD7uAaKSNCGVrYJgJK9r8kG9KU="
  "resolved" "https://registry.nlark.com/copy-to/download/copy-to-2.0.1.tgz"
  "version" "2.0.1"

"core-util-is@~1.0.0":
  "integrity" "sha1-pgQtNjTCsn6TKPg3uWX6yDgI24U="
  "resolved" "https://registry.nlark.com/core-util-is/download/core-util-is-1.0.3.tgz"
  "version" "1.0.3"

"crypto-js@^4.1.1":
  "integrity" "sha1-nkhbzwNSEEG9hYRHhrg/t2GXNs8="
  "resolved" "https://registry.nlark.com/crypto-js/download/crypto-js-4.1.1.tgz"
  "version" "4.1.1"

"debug@^3.1.0":
  "integrity" "sha1-clgLfpFF+zm2Z2+cXl+xALk0F5o="
  "resolved" "https://registry.nlark.com/debug/download/debug-3.2.7.tgz?cache=0&sync_timestamp=1625374653719&other_urls=https%3A%2F%2Fregistry.nlark.com%2Fdebug%2Fdownload%2Fdebug-3.2.7.tgz"
  "version" "3.2.7"
  dependencies:
    "ms" "^2.1.1"

"debug@^4.1.1", "debug@^4.3.2", "debug@4":
  "integrity" "sha1-8KScGKyHeeMdSgxgKd+3aHPHQos="
  "resolved" "https://registry.nlark.com/debug/download/debug-4.3.2.tgz?cache=0&sync_timestamp=1625374653719&other_urls=https%3A%2F%2Fregistry.nlark.com%2Fdebug%2Fdownload%2Fdebug-4.3.2.tgz"
  "version" "4.3.2"
  dependencies:
    "ms" "2.1.2"

"deep-equal@~1.0.1":
  "integrity" "sha1-9dJgKStmDghO/0zbyfCK0yR0SLU="
  "resolved" "https://registry.nlark.com/deep-equal/download/deep-equal-1.0.1.tgz"
  "version" "1.0.1"

"delayed-stream@~1.0.0":
  "integrity" "sha1-3zrhmayt+31ECqrgsp4icrJOxhk="
  "resolved" "https://registry.nlark.com/delayed-stream/download/delayed-stream-1.0.0.tgz"
  "version" "1.0.0"

"delegates@^1.0.0":
  "integrity" "sha1-hMbhWbgZBP3KWaDvRM2HDTElD5o="
  "resolved" "https://registry.nlark.com/delegates/download/delegates-1.0.0.tgz"
  "version" "1.0.0"

"depd@^2.0.0", "depd@~2.0.0":
  "integrity" "sha1-tpYWPMdXVg0JzyLMj60Vcbeedt8="
  "resolved" "https://registry.nlark.com/depd/download/depd-2.0.0.tgz"
  "version" "2.0.0"

"depd@~1.1.2":
  "integrity" "sha1-m81S4UwJd2PnSbJ0xDRu0uVgtak="
  "resolved" "https://registry.nlark.com/depd/download/depd-1.1.2.tgz"
  "version" "1.1.2"

"destroy@^1.0.4":
  "integrity" "sha1-l4hXRCxEdJ5CBmE+N5RiBYJqvYA="
  "resolved" "https://registry.npm.taobao.org/destroy/download/destroy-1.0.4.tgz"
  "version" "1.0.4"

"dotenv@^10.0.0":
  "integrity" "sha1-PUInuPuV+BCWzdK2ZlP7LHCFuoE="
  "resolved" "https://registry.nlark.com/dotenv/download/dotenv-10.0.0.tgz?cache=0&sync_timestamp=1621633079842&other_urls=https%3A%2F%2Fregistry.nlark.com%2Fdotenv%2Fdownload%2Fdotenv-10.0.0.tgz"
  "version" "10.0.0"

"ecdsa-sig-formatter@1.0.11":
  "integrity" "sha1-rg8PothQRe8UqBfao86azQSJ5b8="
  "resolved" "https://registry.nlark.com/ecdsa-sig-formatter/download/ecdsa-sig-formatter-1.0.11.tgz"
  "version" "1.0.11"
  dependencies:
    "safe-buffer" "^5.0.1"

"ee-first@1.1.1":
  "integrity" "sha1-WQxhFWsK4vTwJVcyoViyZrxWsh0="
  "resolved" "https://registry.nlark.com/ee-first/download/ee-first-1.1.1.tgz"
  "version" "1.1.1"

"encodeurl@^1.0.2":
  "integrity" "sha1-rT/0yG7C0CkyL1oCw6mmBslbP1k="
  "resolved" "https://registry.nlark.com/encodeurl/download/encodeurl-1.0.2.tgz"
  "version" "1.0.2"

"escape-html@^1.0.3":
  "integrity" "sha1-Aljq5NPQwJdN4cFpGI7wBR0dGYg="
  "resolved" "https://registry.nlark.com/escape-html/download/escape-html-1.0.3.tgz"
  "version" "1.0.3"

"form-data@^3.0.0":
  "integrity" "sha1-69U3kbeDVqma+aMA1CgsTV65dV8="
  "resolved" "https://registry.nlark.com/form-data/download/form-data-3.0.1.tgz"
  "version" "3.0.1"
  dependencies:
    "asynckit" "^0.4.0"
    "combined-stream" "^1.0.8"
    "mime-types" "^2.1.12"

"fresh@~0.5.2":
  "integrity" "sha1-PYyt2Q2XZWn6g1qx+OSyOhBWBac="
  "resolved" "https://registry.nlark.com/fresh/download/fresh-0.5.2.tgz?cache=0&sync_timestamp=1618846949012&other_urls=https%3A%2F%2Fregistry.nlark.com%2Ffresh%2Fdownload%2Ffresh-0.5.2.tgz"
  "version" "0.5.2"

"function-bind@^1.1.1":
  "integrity" "sha1-pWiZ0+o8m6uHS7l3O3xe3pL0iV0="
  "resolved" "https://registry.nlark.com/function-bind/download/function-bind-1.1.1.tgz"
  "version" "1.1.1"

"get-intrinsic@^1.0.2":
  "integrity" "sha1-FfWfN2+FXERpY5SPDSTNNje0q8Y="
  "resolved" "https://registry.nlark.com/get-intrinsic/download/get-intrinsic-1.1.1.tgz"
  "version" "1.1.1"
  dependencies:
    "function-bind" "^1.1.1"
    "has" "^1.0.3"
    "has-symbols" "^1.0.1"

"get-stream@^6.0.0":
  "integrity" "sha1-omLY7vZ6ztV8KFKtYWdSakPL97c="
  "resolved" "https://registry.nlark.com/get-stream/download/get-stream-6.0.1.tgz"
  "version" "6.0.1"

"has-symbols@^1.0.1", "has-symbols@^1.0.2":
  "integrity" "sha1-Fl0wcMADCXUqEjakeTMeOsVvFCM="
  "resolved" "https://registry.nlark.com/has-symbols/download/has-symbols-1.0.2.tgz"
  "version" "1.0.2"

"has-tostringtag@^1.0.0":
  "integrity" "sha1-fhM4GKfTlHNPlB5zw9P5KR5liyU="
  "resolved" "https://registry.nlark.com/has-tostringtag/download/has-tostringtag-1.0.0.tgz"
  "version" "1.0.0"
  dependencies:
    "has-symbols" "^1.0.2"

"has@^1.0.3":
  "integrity" "sha1-ci18v8H2qoJB8W3YFOAR4fQeh5Y="
  "resolved" "https://registry.nlark.com/has/download/has-1.0.3.tgz"
  "version" "1.0.3"
  dependencies:
    "function-bind" "^1.1.1"

"http-assert@^1.3.0":
  "integrity" "sha1-w4nM2HrBbtLfpiRv1zuSaqAOa48="
  "resolved" "https://registry.nlark.com/http-assert/download/http-assert-1.5.0.tgz"
  "version" "1.5.0"
  dependencies:
    "deep-equal" "~1.0.1"
    "http-errors" "~1.8.0"

"http-errors@^1.6.3", "http-errors@^1.7.3", "http-errors@~1.8.0":
  "integrity" "sha1-ddG75JfhBE9R5O6ecEpi8o0zZQc="
  "resolved" "https://registry.nlark.com/http-errors/download/http-errors-1.8.0.tgz"
  "version" "1.8.0"
  dependencies:
    "depd" "~1.1.2"
    "inherits" "2.0.4"
    "setprototypeof" "1.2.0"
    "statuses" ">= 1.5.0 < 2"
    "toidentifier" "1.0.0"

"http-errors@~1.6.2":
  "integrity" "sha1-i1VoC7S+KDoLW/TqLjhYC+HZMg0="
  "resolved" "https://registry.nlark.com/http-errors/download/http-errors-1.6.3.tgz"
  "version" "1.6.3"
  dependencies:
    "depd" "~1.1.2"
    "inherits" "2.0.3"
    "setprototypeof" "1.1.0"
    "statuses" ">= 1.4.0 < 2"

"http-errors@1.7.3":
  "integrity" "sha1-bGGeT5xgMIw4UZSYwU+7EKrOuwY="
  "resolved" "https://registry.nlark.com/http-errors/download/http-errors-1.7.3.tgz"
  "version" "1.7.3"
  dependencies:
    "depd" "~1.1.2"
    "inherits" "2.0.4"
    "setprototypeof" "1.1.1"
    "statuses" ">= 1.5.0 < 2"
    "toidentifier" "1.0.0"

"https-proxy-agent@^5.0.0":
  "integrity" "sha1-4qkFQqu2inYuCghQ9sntrf2FBrI="
  "resolved" "https://registry.nlark.com/https-proxy-agent/download/https-proxy-agent-5.0.0.tgz"
  "version" "5.0.0"
  dependencies:
    "agent-base" "6"
    "debug" "4"

"iconv-lite@0.4.24":
  "integrity" "sha1-ICK0sl+93CHS9SSXSkdKr+czkIs="
  "resolved" "https://registry.nlark.com/iconv-lite/download/iconv-lite-0.4.24.tgz"
  "version" "0.4.24"
  dependencies:
    "safer-buffer" ">= 2.1.2 < 3"

"indent-string@^4.0.0":
  "integrity" "sha1-Yk+PRJfWGbLZdoUx1Y9BIoVNclE="
  "resolved" "https://registry.nlark.com/indent-string/download/indent-string-4.0.0.tgz"
  "version" "4.0.0"

"inflation@^2.0.0":
  "integrity" "sha1-i0F+R8KPklpFEz2RTKH9OJEH8w8="
  "resolved" "https://registry.nlark.com/inflation/download/inflation-2.0.0.tgz"
  "version" "2.0.0"

"inherits@~2.0.3", "inherits@2.0.4":
  "integrity" "sha1-D6LGT5MpF8NDOg3tVTY6rjdBa3w="
  "resolved" "https://registry.nlark.com/inherits/download/inherits-2.0.4.tgz"
  "version" "2.0.4"

"inherits@2.0.3":
  "integrity" "sha1-Yzwsg+PaQqUC9SRmAiSA9CCCYd4="
  "resolved" "https://registry.nlark.com/inherits/download/inherits-2.0.3.tgz"
  "version" "2.0.3"

"is-generator-function@^1.0.7":
  "integrity" "sha1-8VWLrxrBfg3up8BBXEODUf8rPHI="
  "resolved" "https://registry.nlark.com/is-generator-function/download/is-generator-function-1.0.10.tgz?cache=0&other_urls=https%3A%2F%2Fregistry.nlark.com%2Fis-generator-function%2Fdownload%2Fis-generator-function-1.0.10.tgz"
  "version" "1.0.10"
  dependencies:
    "has-tostringtag" "^1.0.0"

"is-stream@^2.0.0":
  "integrity" "sha1-+sHj1TuXrVqdCunO8jifWBClwHc="
  "resolved" "https://registry.nlark.com/is-stream/download/is-stream-2.0.1.tgz"
  "version" "2.0.1"

"isarray@~1.0.0":
  "integrity" "sha1-u5NdSFgsuhaMBoNJV6VKPgcSTxE="
  "resolved" "https://registry.nlark.com/isarray/download/isarray-1.0.0.tgz"
  "version" "1.0.0"

"jsonwebtoken@^8.5.1":
  "integrity" "sha1-AOceC431TCEhofJhN98igGc7zA0="
  "resolved" "https://registry.nlark.com/jsonwebtoken/download/jsonwebtoken-8.5.1.tgz"
  "version" "8.5.1"
  dependencies:
    "jws" "^3.2.2"
    "lodash.includes" "^4.3.0"
    "lodash.isboolean" "^3.0.3"
    "lodash.isinteger" "^4.0.4"
    "lodash.isnumber" "^3.0.3"
    "lodash.isplainobject" "^4.0.6"
    "lodash.isstring" "^4.0.1"
    "lodash.once" "^4.0.0"
    "ms" "^2.1.1"
    "semver" "^5.6.0"

"jwa@^1.4.1":
  "integrity" "sha1-dDwymFy56YZVUw1TZBtmyGRbA5o="
  "resolved" "https://registry.nlark.com/jwa/download/jwa-1.4.1.tgz"
  "version" "1.4.1"
  dependencies:
    "buffer-equal-constant-time" "1.0.1"
    "ecdsa-sig-formatter" "1.0.11"
    "safe-buffer" "^5.0.1"

"jws@^3.2.2":
  "integrity" "sha1-ABCZ82OUaMlBQADpmZX6UvtHgwQ="
  "resolved" "https://registry.nlark.com/jws/download/jws-3.2.2.tgz"
  "version" "3.2.2"
  dependencies:
    "jwa" "^1.4.1"
    "safe-buffer" "^5.0.1"

"keygrip@~1.1.0":
  "integrity" "sha1-hxsWgdXhWcYqRFsMdLYV4JF+ciY="
  "resolved" "https://registry.npmmirror.com/keygrip/download/keygrip-1.1.0.tgz"
  "version" "1.1.0"
  dependencies:
    "tsscmp" "1.0.6"

"koa-bodyparser@^4.3.0":
  "integrity" "sha1-J0x3hVX/SPoiHufzap+9us4idZo="
  "resolved" "https://registry.nlark.com/koa-bodyparser/download/koa-bodyparser-4.3.0.tgz"
  "version" "4.3.0"
  dependencies:
    "co-body" "^6.0.0"
    "copy-to" "^2.0.1"

"koa-compose@^4.1.0":
  "integrity" "sha1-UHMGuTcZAdtBEhyBLpI9DWfT6Hc="
  "resolved" "https://registry.nlark.com/koa-compose/download/koa-compose-4.1.0.tgz"
  "version" "4.1.0"

"koa-convert@^2.0.0":
  "integrity" "sha1-hqDETYHUBVG64i/uZwmQRXPupPU="
  "resolved" "https://registry.npm.taobao.org/koa-convert/download/koa-convert-2.0.0.tgz"
  "version" "2.0.0"
  dependencies:
    "co" "^4.6.0"
    "koa-compose" "^4.1.0"

"koa-jwt@^4.0.3":
  "integrity" "sha1-Gsjmm1OPfCOh17wape48oSrIyQ0="
  "resolved" "https://registry.npmmirror.com/koa-jwt/download/koa-jwt-4.0.3.tgz"
  "version" "4.0.3"
  dependencies:
    "jsonwebtoken" "^8.5.1"
    "koa-unless" "^1.0.7"
    "p-any" "^2.1.0"

"koa-router@^10.1.1":
  "integrity" "sha1-IICfgmSFGLhHJs1EUDeBPNmfF/8="
  "resolved" "https://registry.nlark.com/koa-router/download/koa-router-10.1.1.tgz"
  "version" "10.1.1"
  dependencies:
    "debug" "^4.1.1"
    "http-errors" "^1.7.3"
    "koa-compose" "^4.1.0"
    "methods" "^1.1.2"
    "path-to-regexp" "^6.1.0"

"koa-send@^5.0.0":
  "integrity" "sha1-Odzuv6+zldDWC+r/ujpwtPVD/nk="
  "resolved" "https://registry.nlark.com/koa-send/download/koa-send-5.0.1.tgz"
  "version" "5.0.1"
  dependencies:
    "debug" "^4.1.1"
    "http-errors" "^1.7.3"
    "resolve-path" "^1.4.0"

"koa-static@^5.0.0":
  "integrity" "sha1-XpL8lrU3rVIZ9CUxnJW2R3J3aUM="
  "resolved" "https://registry.nlark.com/koa-static/download/koa-static-5.0.0.tgz"
  "version" "5.0.0"
  dependencies:
    "debug" "^3.1.0"
    "koa-send" "^5.0.0"

"koa-unless@^1.0.7":
  "integrity" "sha1-ud83XitNowQ5GNSGIlIMLAt58DI="
  "resolved" "https://registry.nlark.com/koa-unless/download/koa-unless-1.0.7.tgz"
  "version" "1.0.7"

"koa@^2.13.4":
  "integrity" "sha1-7lsMs54LgGnDjRFROcd0gz0yRi4="
  "resolved" "https://registry.npmmirror.com/koa/download/koa-2.13.4.tgz?cache=0&sync_timestamp=1634624047401&other_urls=https%3A%2F%2Fregistry.npmmirror.com%2Fkoa%2Fdownload%2Fkoa-2.13.4.tgz"
  "version" "2.13.4"
  dependencies:
    "accepts" "^1.3.5"
    "cache-content-type" "^1.0.0"
    "content-disposition" "~0.5.2"
    "content-type" "^1.0.4"
    "cookies" "~0.8.0"
    "debug" "^4.3.2"
    "delegates" "^1.0.0"
    "depd" "^2.0.0"
    "destroy" "^1.0.4"
    "encodeurl" "^1.0.2"
    "escape-html" "^1.0.3"
    "fresh" "~0.5.2"
    "http-assert" "^1.3.0"
    "http-errors" "^1.6.3"
    "is-generator-function" "^1.0.7"
    "koa-compose" "^4.1.0"
    "koa-convert" "^2.0.0"
    "on-finished" "^2.3.0"
    "only" "~0.0.2"
    "parseurl" "^1.3.2"
    "statuses" "^1.5.0"
    "type-is" "^1.6.16"
    "vary" "^1.1.2"

"lodash.includes@^4.3.0":
  "integrity" "sha1-YLuYqHy5I8aMoeUTJUgzFISfVT8="
  "resolved" "https://registry.nlark.com/lodash.includes/download/lodash.includes-4.3.0.tgz"
  "version" "4.3.0"

"lodash.isboolean@^3.0.3":
  "integrity" "sha1-bC4XHbKiV82WgC/UOwGyDV9YcPY="
  "resolved" "https://registry.nlark.com/lodash.isboolean/download/lodash.isboolean-3.0.3.tgz"
  "version" "3.0.3"

"lodash.isinteger@^4.0.4":
  "integrity" "sha1-YZwK89A/iwTDH1iChAt3sRzWg0M="
  "resolved" "https://registry.nlark.com/lodash.isinteger/download/lodash.isinteger-4.0.4.tgz"
  "version" "4.0.4"

"lodash.isnumber@^3.0.3":
  "integrity" "sha1-POdoEMWSjQM1IwGsKHMX8RwLH/w="
  "resolved" "https://registry.nlark.com/lodash.isnumber/download/lodash.isnumber-3.0.3.tgz"
  "version" "3.0.3"

"lodash.isplainobject@^4.0.6":
  "integrity" "sha1-fFJqUtibRcRcxpC4gWO+BJf1UMs="
  "resolved" "https://registry.nlark.com/lodash.isplainobject/download/lodash.isplainobject-4.0.6.tgz"
  "version" "4.0.6"

"lodash.isstring@^4.0.1":
  "integrity" "sha1-1SfftUVuynzJu5XV2ur4i6VKVFE="
  "resolved" "https://registry.nlark.com/lodash.isstring/download/lodash.isstring-4.0.1.tgz"
  "version" "4.0.1"

"lodash.once@^4.0.0":
  "integrity" "sha1-DdOXEhPHxW34gJd9UEyI+0cal6w="
  "resolved" "https://registry.nlark.com/lodash.once/download/lodash.once-4.1.1.tgz"
  "version" "4.1.1"

"media-typer@0.3.0":
  "integrity" "sha1-hxDXrwqmJvj/+hzgAWhUUmMlV0g="
  "resolved" "https://registry.nlark.com/media-typer/download/media-typer-0.3.0.tgz"
  "version" "0.3.0"

"methods@^1.1.2":
  "integrity" "sha1-VSmk1nZUE07cxSZmVoNbD4Ua/O4="
  "resolved" "https://registry.nlark.com/methods/download/methods-1.1.2.tgz"
  "version" "1.1.2"

"mime-db@1.50.0":
  "integrity" "sha1-q9SslOmNPA4YUBbGerRdX95AwR8="
  "resolved" "https://registry.nlark.com/mime-db/download/mime-db-1.50.0.tgz?cache=0&sync_timestamp=1631863109039&other_urls=https%3A%2F%2Fregistry.nlark.com%2Fmime-db%2Fdownload%2Fmime-db-1.50.0.tgz"
  "version" "1.50.0"

"mime-types@^2.1.12", "mime-types@^2.1.18", "mime-types@~2.1.24":
  "integrity" "sha1-H6EqkERy+v0GjkjZ6EAfdNP3Dts="
  "resolved" "https://registry.npmmirror.com/mime-types/download/mime-types-2.1.33.tgz?cache=0&sync_timestamp=1633108207787&other_urls=https%3A%2F%2Fregistry.npmmirror.com%2Fmime-types%2Fdownload%2Fmime-types-2.1.33.tgz"
  "version" "2.1.33"
  dependencies:
    "mime-db" "1.50.0"

"ms@^2.1.1", "ms@2.1.2":
  "integrity" "sha1-0J0fNXtEP0kzgqjrPM0YOHKuYAk="
  "resolved" "https://registry.npmmirror.com/ms/download/ms-2.1.2.tgz"
  "version" "2.1.2"

"mysql@^2.18.1":
  "integrity" "sha1-IlQUOFXFqMc4JeRSK68uoCF2Zxc="
  "resolved" "https://registry.nlark.com/mysql/download/mysql-2.18.1.tgz?cache=0&sync_timestamp=1624608126423&other_urls=https%3A%2F%2Fregistry.nlark.com%2Fmysql%2Fdownload%2Fmysql-2.18.1.tgz"
  "version" "2.18.1"
  dependencies:
    "bignumber.js" "9.0.0"
    "readable-stream" "2.3.7"
    "safe-buffer" "5.1.2"
    "sqlstring" "2.3.1"

"negotiator@0.6.2":
  "integrity" "sha1-/qz3zPUlp3rpY0Q2pkiD/+yjRvs="
  "resolved" "https://registry.npm.taobao.org/negotiator/download/negotiator-0.6.2.tgz"
  "version" "0.6.2"

"node-fetch@^2.2.0":
  "integrity" "sha1-QnNVN9fwgKfl94tsVJtxRr4XQv0="
  "resolved" "https://registry.npmmirror.com/node-fetch/download/node-fetch-2.6.5.tgz?cache=0&other_urls=https%3A%2F%2Fregistry.npmmirror.com%2Fnode-fetch%2Fdownload%2Fnode-fetch-2.6.5.tgz"
  "version" "2.6.5"
  dependencies:
    "whatwg-url" "^5.0.0"

"object-inspect@^1.9.0":
  "integrity" "sha1-nc6xRs7dQUig2eUauI00z1CZIrE="
  "resolved" "https://registry.nlark.com/object-inspect/download/object-inspect-1.11.0.tgz"
  "version" "1.11.0"

"on-finished@^2.3.0":
  "integrity" "sha1-IPEzZIGwg811M3mSoWlxqi2QaUc="
  "resolved" "https://registry.npm.taobao.org/on-finished/download/on-finished-2.3.0.tgz"
  "version" "2.3.0"
  dependencies:
    "ee-first" "1.1.1"

"only@~0.0.2":
  "integrity" "sha1-Kv3oTQPlC5qO3EROMGEKcCle37Q="
  "resolved" "https://registry.npm.taobao.org/only/download/only-0.0.2.tgz"
  "version" "0.0.2"

"p-any@^2.1.0":
  "integrity" "sha1-cZSJQI4U9flBp0jx6Bf1xxyrNcs="
  "resolved" "https://registry.nlark.com/p-any/download/p-any-2.1.0.tgz"
  "version" "2.1.0"
  dependencies:
    "p-cancelable" "^2.0.0"
    "p-some" "^4.0.0"
    "type-fest" "^0.3.0"

"p-cancelable@^2.0.0":
  "integrity" "sha1-qrf71BZYL6MqPbSYWcEiSHxe0s8="
  "resolved" "https://registry.nlark.com/p-cancelable/download/p-cancelable-2.1.1.tgz"
  "version" "2.1.1"

"p-some@^4.0.0":
  "integrity" "sha1-KOc7weDWLbVMLtUTrNA6y6MNXAQ="
  "resolved" "https://registry.nlark.com/p-some/download/p-some-4.1.0.tgz"
  "version" "4.1.0"
  dependencies:
    "aggregate-error" "^3.0.0"
    "p-cancelable" "^2.0.0"

"parseurl@^1.3.2":
  "integrity" "sha1-naGee+6NEt/wUT7Vt2lXeTvC6NQ="
  "resolved" "https://registry.nlark.com/parseurl/download/parseurl-1.3.3.tgz"
  "version" "1.3.3"

"path-is-absolute@1.0.1":
  "integrity" "sha1-F0uSaHNVNP+8es5r9TpanhtcX18="
  "resolved" "https://registry.nlark.com/path-is-absolute/download/path-is-absolute-1.0.1.tgz"
  "version" "1.0.1"

"path-to-regexp@^6.1.0":
  "integrity" "sha1-97OAMzYQTDRoia3s5hRmkjBkXzg="
  "resolved" "https://registry.npm.taobao.org/path-to-regexp/download/path-to-regexp-6.2.0.tgz"
  "version" "6.2.0"

"process-nextick-args@~2.0.0":
  "integrity" "sha1-eCDZsWEgzFXKmud5JoCufbptf+I="
  "resolved" "https://registry.nlark.com/process-nextick-args/download/process-nextick-args-2.0.1.tgz"
  "version" "2.0.1"

"qs@^6.5.2":
  "integrity" "sha1-STFIL6jWR6Wqt5nFJx0hM7mB+2o="
  "resolved" "https://registry.nlark.com/qs/download/qs-6.10.1.tgz"
  "version" "6.10.1"
  dependencies:
    "side-channel" "^1.0.4"

"raw-body@^2.3.3":
  "integrity" "sha1-MKyC+Yu1rowVLmcUnayNVRU7Fow="
  "resolved" "https://registry.nlark.com/raw-body/download/raw-body-2.4.1.tgz"
  "version" "2.4.1"
  dependencies:
    "bytes" "3.1.0"
    "http-errors" "1.7.3"
    "iconv-lite" "0.4.24"
    "unpipe" "1.0.0"

"readable-stream@2.3.7":
  "integrity" "sha1-Hsoc9xGu+BTAT2IlKjamL2yyO1c="
  "resolved" "https://registry.nlark.com/readable-stream/download/readable-stream-2.3.7.tgz"
  "version" "2.3.7"
  dependencies:
    "core-util-is" "~1.0.0"
    "inherits" "~2.0.3"
    "isarray" "~1.0.0"
    "process-nextick-args" "~2.0.0"
    "safe-buffer" "~5.1.1"
    "string_decoder" "~1.1.1"
    "util-deprecate" "~1.0.1"

"resolve-path@^1.4.0":
  "integrity" "sha1-xL2p9e+y/OZSR4c6s2u02DT+Fvc="
  "resolved" "https://registry.nlark.com/resolve-path/download/resolve-path-1.4.0.tgz"
  "version" "1.4.0"
  dependencies:
    "http-errors" "~1.6.2"
    "path-is-absolute" "1.0.1"

"safe-buffer@^5.0.1", "safe-buffer@~5.1.0", "safe-buffer@~5.1.1", "safe-buffer@5.1.2":
  "integrity" "sha1-mR7GnSluAxN0fVm9/St0XDX4go0="
  "resolved" "https://registry.nlark.com/safe-buffer/download/safe-buffer-5.1.2.tgz"
  "version" "5.1.2"

"safer-buffer@>= 2.1.2 < 3":
  "integrity" "sha1-RPoWGwGHuVSd2Eu5GAL5vYOFzWo="
  "resolved" "https://registry.nlark.com/safer-buffer/download/safer-buffer-2.1.2.tgz"
  "version" "2.1.2"

"semver@^5.6.0":
  "integrity" "sha1-qVT5Ma66UI0we78Gnv8MAclhFvc="
  "resolved" "https://registry.nlark.com/semver/download/semver-5.7.1.tgz?cache=0&sync_timestamp=1624607961409&other_urls=https%3A%2F%2Fregistry.nlark.com%2Fsemver%2Fdownload%2Fsemver-5.7.1.tgz"
  "version" "5.7.1"

"setprototypeof@1.1.0":
  "integrity" "sha1-0L2FU2iHtv58DYGMuWLZ2RxU5lY="
  "resolved" "https://registry.npm.taobao.org/setprototypeof/download/setprototypeof-1.1.0.tgz"
  "version" "1.1.0"

"setprototypeof@1.1.1":
  "integrity" "sha1-fpWsskqpL1iF4KvvW6ExMw1K5oM="
  "resolved" "https://registry.npm.taobao.org/setprototypeof/download/setprototypeof-1.1.1.tgz"
  "version" "1.1.1"

"setprototypeof@1.2.0":
  "integrity" "sha1-ZsmiSnP5/CjL5msJ/tPTPcrxtCQ="
  "resolved" "https://registry.npm.taobao.org/setprototypeof/download/setprototypeof-1.2.0.tgz"
  "version" "1.2.0"

"side-channel@^1.0.4":
  "integrity" "sha1-785cj9wQTudRslxY1CkAEfpeos8="
  "resolved" "https://registry.nlark.com/side-channel/download/side-channel-1.0.4.tgz"
  "version" "1.0.4"
  dependencies:
    "call-bind" "^1.0.0"
    "get-intrinsic" "^1.0.2"
    "object-inspect" "^1.9.0"

"sqlstring@2.3.1":
  "integrity" "sha1-R1OT/56RR5rqYtyvDKPRSYOn+0A="
  "resolved" "https://registry.nlark.com/sqlstring/download/sqlstring-2.3.1.tgz"
  "version" "2.3.1"

"statuses@^1.5.0", "statuses@>= 1.4.0 < 2", "statuses@>= 1.5.0 < 2":
  "integrity" "sha1-Fhx9rBd2Wf2YEfQ3cfqZOBR4Yow="
  "resolved" "https://registry.nlark.com/statuses/download/statuses-1.5.0.tgz"
  "version" "1.5.0"

"string_decoder@~1.1.1":
  "integrity" "sha1-nPFhG6YmhdcDCunkujQUnDrwP8g="
  "resolved" "https://registry.nlark.com/string_decoder/download/string_decoder-1.1.1.tgz"
  "version" "1.1.1"
  dependencies:
    "safe-buffer" "~5.1.0"

"tencentcloud-sdk-nodejs@^4.0.220":
  "integrity" "sha1-ibL38njrxXL48pdLkLroZY1nG3k="
  "resolved" "https://registry.npmmirror.com/tencentcloud-sdk-nodejs/download/tencentcloud-sdk-nodejs-4.0.220.tgz"
  "version" "4.0.220"
  dependencies:
    "form-data" "^3.0.0"
    "get-stream" "^6.0.0"
    "https-proxy-agent" "^5.0.0"
    "is-stream" "^2.0.0"
    "node-fetch" "^2.2.0"
    "tslib" "1.13.0"

"toidentifier@1.0.0":
  "integrity" "sha1-fhvjRw8ed5SLxD2Uo8j013UrpVM="
  "resolved" "https://registry.nlark.com/toidentifier/download/toidentifier-1.0.0.tgz"
  "version" "1.0.0"

"tr46@~0.0.3":
  "integrity" "sha1-gYT9NH2snNwYWZLzpmIuFLnZq2o="
  "resolved" "https://registry.npmmirror.com/tr46/download/tr46-0.0.3.tgz?cache=0&sync_timestamp=1633302360065&other_urls=https%3A%2F%2Fregistry.npmmirror.com%2Ftr46%2Fdownload%2Ftr46-0.0.3.tgz"
  "version" "0.0.3"

"tslib@1.13.0":
  "integrity" "sha1-yIHhPMcBWJTtkUhi0nZDb6mkcEM="
  "resolved" "https://registry.nlark.com/tslib/download/tslib-1.13.0.tgz"
  "version" "1.13.0"

"tsscmp@1.0.6":
  "integrity" "sha1-hbmVg6w1iexL/vgltQAKqRHWBes="
  "resolved" "https://registry.nlark.com/tsscmp/download/tsscmp-1.0.6.tgz"
  "version" "1.0.6"

"type-fest@^0.3.0":
  "integrity" "sha1-Y9ANIE4FlHT+Xht8ARESu9HcKeE="
  "resolved" "https://registry.npmmirror.com/type-fest/download/type-fest-0.3.1.tgz?cache=0&sync_timestamp=1634463134076&other_urls=https%3A%2F%2Fregistry.npmmirror.com%2Ftype-fest%2Fdownload%2Ftype-fest-0.3.1.tgz"
  "version" "0.3.1"

"type-is@^1.6.16":
  "integrity" "sha1-TlUs0F3wlGfcvE73Od6J8s83wTE="
  "resolved" "https://registry.nlark.com/type-is/download/type-is-1.6.18.tgz"
  "version" "1.6.18"
  dependencies:
    "media-typer" "0.3.0"
    "mime-types" "~2.1.24"

"unpipe@1.0.0":
  "integrity" "sha1-sr9O6FFKrmFltIF4KdIbLvSZBOw="
  "resolved" "https://registry.nlark.com/unpipe/download/unpipe-1.0.0.tgz"
  "version" "1.0.0"

"util-deprecate@~1.0.1":
  "integrity" "sha1-RQ1Nyfpw3nMnYvvS1KKJgUGaDM8="
  "resolved" "https://registry.nlark.com/util-deprecate/download/util-deprecate-1.0.2.tgz?cache=0&sync_timestamp=1624607944834&other_urls=https%3A%2F%2Fregistry.nlark.com%2Futil-deprecate%2Fdownload%2Futil-deprecate-1.0.2.tgz"
  "version" "1.0.2"

"vary@^1.1.2":
  "integrity" "sha1-IpnwLG3tMNSllhsLn3RSShj2NPw="
  "resolved" "https://registry.nlark.com/vary/download/vary-1.1.2.tgz"
  "version" "1.1.2"

"webidl-conversions@^3.0.0":
  "integrity" "sha1-JFNCdeKnvGvnvIZhHMFq4KVlSHE="
  "resolved" "https://registry.nlark.com/webidl-conversions/download/webidl-conversions-3.0.1.tgz"
  "version" "3.0.1"

"whatwg-url@^5.0.0":
  "integrity" "sha1-lmRU6HZUYuN2RNNib2dCzotwll0="
  "resolved" "https://registry.npmmirror.com/whatwg-url/download/whatwg-url-5.0.0.tgz"
  "version" "5.0.0"
  dependencies:
    "tr46" "~0.0.3"
    "webidl-conversions" "^3.0.0"

"ylru@^1.2.0":
  "integrity" "sha1-9Xa2M0FUeYnB3nuiiHYJI7J/6E8="
  "resolved" "https://registry.nlark.com/ylru/download/ylru-1.2.1.tgz"
  "version" "1.2.1"
